
Microsoft Visual Studio Solution File, Format Version 12.00
# Visual Studio Version 17
VisualStudioVersion = 17.1.32319.34
MinimumVisualStudioVersion = 10.0.40219.1
Project("{FAE04EC0-301F-11D3-BF4B-00C04F79EFBC}") = "WebApi", "WebApi\WebApi.csproj", "{7EFAFC8D-FB81-484E-9B1E-3098F74929B3}"
EndProject
Global
	GlobalSection(SolutionConfigurationPlatforms) = preSolution
		Debug|Any CPU = Debug|Any CPU
		Release|Any CPU = Release|Any CPU
	EndGlobalSection
	GlobalSection(ProjectConfigurationPlatforms) = postSolution
		{7EFAFC8D-FB81-484E-9B1E-3098F74929B3}.Debug|Any CPU.ActiveCfg = Debug|Any CPU
		{7EFAFC8D-FB81-484E-9B1E-3098F74929B3}.Debug|Any CPU.Build.0 = Debug|Any CPU
		{7EFAFC8D-FB81-484E-9B1E-3098F74929B3}.Release|Any CPU.ActiveCfg = Release|Any CPU
		{7EFAFC8D-FB81-484E-9B1E-3098F74929B3}.Release|Any CPU.Build.0 = Release|Any CPU
	EndGlobalSection
	GlobalSection(SolutionProperties) = preSolution
		HideSolutionNode = FALSE
	EndGlobalSection
	GlobalSection(ExtensibilityGlobals) = postSolution
		SolutionGuid = {D68B8D78-DA0E-4A83-B1C2-66B9233EA272}
	EndGlobalSection
EndGlobal
